{
  "name": "NavigationTutorial",
  "version": "1.0.0",
  "lockfileVersion": 3,
  "requires": true,
  "packages": {
    "": {
      "name": "NavigationTutorial",
      "version": "1.0.0",
      "dependencies": {
        "@openui5/sap.m": "^1",
        "@openui5/sap.ui.core": "^1",
        "@openui5/themelib_sap_fiori_3": "^1"
      }
    },
    "node_modules/@openui5/sap.m": {
      "version": "1.113.0",
      "resolved": "https://registry.npmjs.org/@openui5/sap.m/-/sap.m-1.113.0.tgz",
      "integrity": "sha512-OQFOtljgI1QP3ZOZGgGGEJGs/ITFQsIXRk9htJ3/mS3clkULs+yBMPZuSMaK82l9Lk25IxmMeqLN/RiFSqMLGQ==",
      "dependencies": {
        "@openui5/sap.ui.core": "1.113.0",
        "@openui5/sap.ui.layout": "1.113.0",
        "@openui5/sap.ui.unified": "1.113.0"
      }
    },
    "node_modules/@openui5/sap.ui.core": {
      "version": "1.113.0",
      "resolved": "https://registry.npmjs.org/@openui5/sap.ui.core/-/sap.ui.core-1.113.0.tgz",
      "integrity": "sha512-z5zwTR5nAeL+ADJBKiGyzpWhUjrRkmmK7E4rCzf9R8oSL9GERbdVEf08AO/kLDQltiCuNsmXJlURLERyUe2D4g=="
    },
    "node_modules/@openui5/sap.ui.layout": {
      "version": "1.113.0",
      "resolved": "https://registry.npmjs.org/@openui5/sap.ui.layout/-/sap.ui.layout-1.113.0.tgz",
      "integrity": "sha512-b1qFIa7QQR8177s8torWQ/9m0SALeNvYH+DptPtvJWWMNKgqjBGJCMVIEJJJVHHcPgMaRPV8DtqS/udwcb1/CA==",
      "dependencies": {
        "@openui5/sap.ui.core": "1.113.0"
      }
    },
    "node_modules/@openui5/sap.ui.unified": {
      "version": "1.113.0",
      "resolved": "https://registry.npmjs.org/@openui5/sap.ui.unified/-/sap.ui.unified-1.113.0.tgz",
      "integrity": "sha512-ouCqTKjOjW1+teWWq5p3w7MRO2yfgAZiac5P/BfCYNWLdVxIAGjEOw8Zf7pfdoBp9mD43oI//tTl7rPFRDVCAA==",
      "dependencies": {
        "@openui5/sap.ui.core": "1.113.0"
      }
    },
    "node_modules/@openui5/themelib_sap_fiori_3": {
      "version": "1.113.0",
      "resolved": "https://registry.npmjs.org/@openui5/themelib_sap_fiori_3/-/themelib_sap_fiori_3-1.113.0.tgz",
      "integrity": "sha512-jY5i8ooLytYuQoZ6WGnAXC3OIo+7B/LcL1wBNcVa2fP/XJbMkCLv6wOitZ9nF3lkPzC8mXHMUOoBp12hRTQjmw=="
    }
  }
}
